
Microsoft Visual Studio Solution File, Format Version 12.00
# Visual Studio Version 16
VisualStudioVersion = 16.0.29728.190
MinimumVisualStudioVersion = 10.0.40219.1
Project("{FAE04EC0-301F-11D3-BF4B-00C04F79EFBC}") = "GCLab2", "GCLab2\GCLab2.csproj", "{40BEEF70-B65C-4680-B292-88F7EE0D45FE}"
EndProject
Global
	GlobalSection(SolutionConfigurationPlatforms) = preSolution
		Debug|Any CPU = Debug|Any CPU
		Release|Any CPU = Release|Any CPU
	EndGlobalSection
	GlobalSection(ProjectConfigurationPlatforms) = postSolution
		{40BEEF70-B65C-4680-B292-88F7EE0D45FE}.Debug|Any CPU.ActiveCfg = Debug|Any CPU
		{40BEEF70-B65C-4680-B292-88F7EE0D45FE}.Debug|Any CPU.Build.0 = Debug|Any CPU
		{40BEEF70-B65C-4680-B292-88F7EE0D45FE}.Release|Any CPU.ActiveCfg = Release|Any CPU
		{40BEEF70-B65C-4680-B292-88F7EE0D45FE}.Release|Any CPU.Build.0 = Release|Any CPU
	EndGlobalSection
	GlobalSection(SolutionProperties) = preSolution
		HideSolutionNode = FALSE
	EndGlobalSection
	GlobalSection(ExtensibilityGlobals) = postSolution
		SolutionGuid = {6F5D1505-399F-4C73-8B40-BC4CB8C01E55}
	EndGlobalSection
EndGlobal
